
Microsoft Visual Studio Solution File, Format Version 12.00
# Visual Studio Version 16
VisualStudioVersion = 16.0.30309.148
MinimumVisualStudioVersion = 10.0.40219.1
Project("{FAE04EC0-301F-11D3-BF4B-00C04F79EFBC}") = "CustomerManagement", "CustomerManagement\CustomerManagement.csproj", "{F05A6BF9-8893-4055-9E72-34EA6A42D179}"
EndProject
Global
	GlobalSection(SolutionConfigurationPlatforms) = preSolution
		Debug|Any CPU = Debug|Any CPU
		Release|Any CPU = Release|Any CPU
	EndGlobalSection
	GlobalSection(ProjectConfigurationPlatforms) = postSolution
		{F05A6BF9-8893-4055-9E72-34EA6A42D179}.Debug|Any CPU.ActiveCfg = Debug|Any CPU
		{F05A6BF9-8893-4055-9E72-34EA6A42D179}.Debug|Any CPU.Build.0 = Debug|Any CPU
		{F05A6BF9-8893-4055-9E72-34EA6A42D179}.Release|Any CPU.ActiveCfg = Release|Any CPU
		{F05A6BF9-8893-4055-9E72-34EA6A42D179}.Release|Any CPU.Build.0 = Release|Any CPU
	EndGlobalSection
	GlobalSection(SolutionProperties) = preSolution
		HideSolutionNode = FALSE
	EndGlobalSection
	GlobalSection(ExtensibilityGlobals) = postSolution
		SolutionGuid = {26BE1F09-1206-4308-84C7-759CFF188834}
	EndGlobalSection
EndGlobal
